
Microsoft Visual Studio Solution File, Format Version 12.00
# Visual Studio 15
VisualStudioVersion = 15.0.27703.2035
MinimumVisualStudioVersion = 10.0.40219.1
Project("{FAE04EC0-301F-11D3-BF4B-00C04F79EFBC}") = "LuckyNumber.Android", "LuckyNumber\LuckyNumber.Android\LuckyNumber.Android.csproj", "{3E7E3F00-E49F-4E7B-BF49-BA4E9E313D93}"
EndProject
Project("{FAE04EC0-301F-11D3-BF4B-00C04F79EFBC}") = "LuckyNumber.iOS", "LuckyNumber\LuckyNumber.iOS\LuckyNumber.iOS.csproj", "{550B81B9-4F31-4920-A0F9-24C618391225}"
EndProject
Project("{D954291E-2A0B-460D-934E-DC6B0785DB48}") = "LuckyNumber", "LuckyNumber\LuckyNumber\LuckyNumber.shproj", "{B203EAA3-441A-4D7D-BA63-077FFF077648}"
EndProject
Global
	GlobalSection(SharedMSBuildProjectFiles) = preSolution
		LuckyNumber\LuckyNumber\LuckyNumber.projitems*{3e7e3f00-e49f-4e7b-bf49-ba4e9e313d93}*SharedItemsImports = 4
		LuckyNumber\LuckyNumber\LuckyNumber.projitems*{550b81b9-4f31-4920-a0f9-24c618391225}*SharedItemsImports = 4
		LuckyNumber\LuckyNumber\LuckyNumber.projitems*{b203eaa3-441a-4d7d-ba63-077fff077648}*SharedItemsImports = 13
	EndGlobalSection
	GlobalSection(SolutionConfigurationPlatforms) = preSolution
		Ad-Hoc|Any CPU = Ad-Hoc|Any CPU
		Ad-Hoc|iPhone = Ad-Hoc|iPhone
		Ad-Hoc|iPhoneSimulator = Ad-Hoc|iPhoneSimulator
		AppStore|Any CPU = AppStore|Any CPU
		AppStore|iPhone = AppStore|iPhone
		AppStore|iPhoneSimulator = AppStore|iPhoneSimulator
		Debug|Any CPU = Debug|Any CPU
		Debug|iPhone = Debug|iPhone
		Debug|iPhoneSimulator = Debug|iPhoneSimulator
		Release|Any CPU = Release|Any CPU
		Release|iPhone = Release|iPhone
		Release|iPhoneSimulator = Release|iPhoneSimulator
	EndGlobalSection
	GlobalSection(ProjectConfigurationPlatforms) = postSolution
		{3E7E3F00-E49F-4E7B-BF49-BA4E9E313D93}.Ad-Hoc|Any CPU.ActiveCfg = Release|Any CPU
		{3E7E3F00-E49F-4E7B-BF49-BA4E9E313D93}.Ad-Hoc|Any CPU.Build.0 = Release|Any CPU
		{3E7E3F00-E49F-4E7B-BF49-BA4E9E313D93}.Ad-Hoc|Any CPU.Deploy.0 = Release|Any CPU
		{3E7E3F00-E49F-4E7B-BF49-BA4E9E313D93}.Ad-Hoc|iPhone.ActiveCfg = Release|Any CPU
		{3E7E3F00-E49F-4E7B-BF49-BA4E9E313D93}.Ad-Hoc|iPhone.Build.0 = Release|Any CPU
		{3E7E3F00-E49F-4E7B-BF49-BA4E9E313D93}.Ad-Hoc|iPhone.Deploy.0 = Release|Any CPU
		{3E7E3F00-E49F-4E7B-BF49-BA4E9E313D93}.Ad-Hoc|iPhoneSimulator.ActiveCfg = Release|Any CPU
		{3E7E3F00-E49F-4E7B-BF49-BA4E9E313D93}.Ad-Hoc|iPhoneSimulator.Build.0 = Release|Any CPU
		{3E7E3F00-E49F-4E7B-BF49-BA4E9E313D93}.Ad-Hoc|iPhoneSimulator.Deploy.0 = Release|Any CPU
		{3E7E3F00-E49F-4E7B-BF49-BA4E9E313D93}.AppStore|Any CPU.ActiveCfg = Release|Any CPU
		{3E7E3F00-E49F-4E7B-BF49-BA4E9E313D93}.AppStore|Any CPU.Build.0 = Release|Any CPU
		{3E7E3F00-E49F-4E7B-BF49-BA4E9E313D93}.AppStore|Any CPU.Deploy.0 = Release|Any CPU
		{3E7E3F00-E49F-4E7B-BF49-BA4E9E313D93}.AppStore|iPhone.ActiveCfg = Release|Any CPU
		{3E7E3F00-E49F-4E7B-BF49-BA4E9E313D93}.AppStore|iPhone.Build.0 = Release|Any CPU
		{3E7E3F00-E49F-4E7B-BF49-BA4E9E313D93}.AppStore|iPhone.Deploy.0 = Release|Any CPU
		{3E7E3F00-E49F-4E7B-BF49-BA4E9E313D93}.AppStore|iPhoneSimulator.ActiveCfg = Release|Any CPU
		{3E7E3F00-E49F-4E7B-BF49-BA4E9E313D93}.AppStore|iPhoneSimulator.Build.0 = Release|Any CPU
		{3E7E3F00-E49F-4E7B-BF49-BA4E9E313D93}.AppStore|iPhoneSimulator.Deploy.0 = Release|Any CPU
		{3E7E3F00-E49F-4E7B-BF49-BA4E9E313D93}.Debug|Any CPU.ActiveCfg = Debug|Any CPU
		{3E7E3F00-E49F-4E7B-BF49-BA4E9E313D93}.Debug|Any CPU.Build.0 = Debug|Any CPU
		{3E7E3F00-E49F-4E7B-BF49-BA4E9E313D93}.Debug|Any CPU.Deploy.0 = Debug|Any CPU
		{3E7E3F00-E49F-4E7B-BF49-BA4E9E313D93}.Debug|iPhone.ActiveCfg = Debug|Any CPU
		{3E7E3F00-E49F-4E7B-BF49-BA4E9E313D93}.Debug|iPhone.Build.0 = Debug|Any CPU
		{3E7E3F00-E49F-4E7B-BF49-BA4E9E313D93}.Debug|iPhone.Deploy.0 = Debug|Any CPU
		{3E7E3F00-E49F-4E7B-BF49-BA4E9E313D93}.Debug|iPhoneSimulator.ActiveCfg = Debug|Any CPU
		{3E7E3F00-E49F-4E7B-BF49-BA4E9E313D93}.Debug|iPhoneSimulator.Build.0 = Debug|Any CPU
		{3E7E3F00-E49F-4E7B-BF49-BA4E9E313D93}.Debug|iPhoneSimulator.Deploy.0 = Debug|Any CPU
		{3E7E3F00-E49F-4E7B-BF49-BA4E9E313D93}.Release|Any CPU.ActiveCfg = Release|Any CPU
		{3E7E3F00-E49F-4E7B-BF49-BA4E9E313D93}.Release|Any CPU.Build.0 = Release|Any CPU
		{3E7E3F00-E49F-4E7B-BF49-BA4E9E313D93}.Release|Any CPU.Deploy.0 = Release|Any CPU
		{3E7E3F00-E49F-4E7B-BF49-BA4E9E313D93}.Release|iPhone.ActiveCfg = Release|Any CPU
		{3E7E3F00-E49F-4E7B-BF49-BA4E9E313D93}.Release|iPhone.Build.0 = Release|Any CPU
		{3E7E3F00-E49F-4E7B-BF49-BA4E9E313D93}.Release|iPhone.Deploy.0 = Release|Any CPU
		{3E7E3F00-E49F-4E7B-BF49-BA4E9E313D93}.Release|iPhoneSimulator.ActiveCfg = Release|Any CPU
		{3E7E3F00-E49F-4E7B-BF49-BA4E9E313D93}.Release|iPhoneSimulator.Build.0 = Release|Any CPU
		{3E7E3F00-E49F-4E7B-BF49-BA4E9E313D93}.Release|iPhoneSimulator.Deploy.0 = Release|Any CPU
		{550B81B9-4F31-4920-A0F9-24C618391225}.Ad-Hoc|Any CPU.ActiveCfg = Ad-Hoc|iPhone
		{550B81B9-4F31-4920-A0F9-24C618391225}.Ad-Hoc|Any CPU.Build.0 = Ad-Hoc|iPhone
		{550B81B9-4F31-4920-A0F9-24C618391225}.Ad-Hoc|Any CPU.Deploy.0 = Ad-Hoc|iPhone
		{550B81B9-4F31-4920-A0F9-24C618391225}.Ad-Hoc|iPhone.ActiveCfg = Ad-Hoc|iPhone
		{550B81B9-4F31-4920-A0F9-24C618391225}.Ad-Hoc|iPhone.Build.0 = Ad-Hoc|iPhone
		{550B81B9-4F31-4920-A0F9-24C618391225}.Ad-Hoc|iPhone.Deploy.0 = Ad-Hoc|iPhone
		{550B81B9-4F31-4920-A0F9-24C618391225}.Ad-Hoc|iPhoneSimulator.ActiveCfg = Ad-Hoc|iPhoneSimulator
		{550B81B9-4F31-4920-A0F9-24C618391225}.Ad-Hoc|iPhoneSimulator.Build.0 = Ad-Hoc|iPhoneSimulator
		{550B81B9-4F31-4920-A0F9-24C618391225}.Ad-Hoc|iPhoneSimulator.Deploy.0 = Ad-Hoc|iPhoneSimulator
		{550B81B9-4F31-4920-A0F9-24C618391225}.AppStore|Any CPU.ActiveCfg = AppStore|iPhone
		{550B81B9-4F31-4920-A0F9-24C618391225}.AppStore|Any CPU.Build.0 = AppStore|iPhone
		{550B81B9-4F31-4920-A0F9-24C618391225}.AppStore|Any CPU.Deploy.0 = AppStore|iPhone
		{550B81B9-4F31-4920-A0F9-24C618391225}.AppStore|iPhone.ActiveCfg = AppStore|iPhone
		{550B81B9-4F31-4920-A0F9-24C618391225}.AppStore|iPhone.Build.0 = AppStore|iPhone
		{550B81B9-4F31-4920-A0F9-24C618391225}.AppStore|iPhone.Deploy.0 = AppStore|iPhone
		{550B81B9-4F31-4920-A0F9-24C618391225}.AppStore|iPhoneSimulator.ActiveCfg = AppStore|iPhoneSimulator
		{550B81B9-4F31-4920-A0F9-24C618391225}.AppStore|iPhoneSimulator.Build.0 = AppStore|iPhoneSimulator
		{550B81B9-4F31-4920-A0F9-24C618391225}.AppStore|iPhoneSimulator.Deploy.0 = AppStore|iPhoneSimulator
		{550B81B9-4F31-4920-A0F9-24C618391225}.Debug|Any CPU.ActiveCfg = Debug|iPhoneSimulator
		{550B81B9-4F31-4920-A0F9-24C618391225}.Debug|Any CPU.Build.0 = Debug|iPhoneSimulator
		{550B81B9-4F31-4920-A0F9-24C618391225}.Debug|Any CPU.Deploy.0 = Debug|iPhoneSimulator
		{550B81B9-4F31-4920-A0F9-24C618391225}.Debug|iPhone.ActiveCfg = Debug|iPhone
		{550B81B9-4F31-4920-A0F9-24C618391225}.Debug|iPhone.Build.0 = Debug|iPhone
		{550B81B9-4F31-4920-A0F9-24C618391225}.Debug|iPhone.Deploy.0 = Debug|iPhone
		{550B81B9-4F31-4920-A0F9-24C618391225}.Debug|iPhoneSimulator.ActiveCfg = Debug|iPhoneSimulator
		{550B81B9-4F31-4920-A0F9-24C618391225}.Debug|iPhoneSimulator.Build.0 = Debug|iPhoneSimulator
		{550B81B9-4F31-4920-A0F9-24C618391225}.Debug|iPhoneSimulator.Deploy.0 = Debug|iPhoneSimulator
		{550B81B9-4F31-4920-A0F9-24C618391225}.Release|Any CPU.ActiveCfg = Release|iPhone
		{550B81B9-4F31-4920-A0F9-24C618391225}.Release|Any CPU.Build.0 = Release|iPhone
		{550B81B9-4F31-4920-A0F9-24C618391225}.Release|Any CPU.Deploy.0 = Release|iPhone
		{550B81B9-4F31-4920-A0F9-24C618391225}.Release|iPhone.ActiveCfg = Release|iPhone
		{550B81B9-4F31-4920-A0F9-24C618391225}.Release|iPhone.Build.0 = Release|iPhone
		{550B81B9-4F31-4920-A0F9-24C618391225}.Release|iPhone.Deploy.0 = Release|iPhone
		{550B81B9-4F31-4920-A0F9-24C618391225}.Release|iPhoneSimulator.ActiveCfg = Release|iPhoneSimulator
		{550B81B9-4F31-4920-A0F9-24C618391225}.Release|iPhoneSimulator.Build.0 = Release|iPhoneSimulator
		{550B81B9-4F31-4920-A0F9-24C618391225}.Release|iPhoneSimulator.Deploy.0 = Release|iPhoneSimulator
	EndGlobalSection
	GlobalSection(SolutionProperties) = preSolution
		HideSolutionNode = FALSE
	EndGlobalSection
	GlobalSection(ExtensibilityGlobals) = postSolution
		SolutionGuid = {4EEDD6AB-C209-48FC-B1F6-6757CB3C4B0E}
	EndGlobalSection
EndGlobal
